
Microsoft Visual Studio Solution File, Format Version 12.00
Project("{FAE04EC0-301F-11D3-BF4B-00C04F79EFBC}") = "apbd19-cwiczenia5", "apbd19-cwiczenia5\apbd19-cwiczenia5.csproj", "{4A7F76CD-87D9-4B0A-9DC4-1B2B8D6E2D2A}"
EndProject
Global
	GlobalSection(SolutionConfigurationPlatforms) = preSolution
		Debug|Any CPU = Debug|Any CPU
		Release|Any CPU = Release|Any CPU
	EndGlobalSection
	GlobalSection(ProjectConfigurationPlatforms) = postSolution
		{4A7F76CD-87D9-4B0A-9DC4-1B2B8D6E2D2A}.Debug|Any CPU.ActiveCfg = Debug|Any CPU
		{4A7F76CD-87D9-4B0A-9DC4-1B2B8D6E2D2A}.Debug|Any CPU.Build.0 = Debug|Any CPU
		{4A7F76CD-87D9-4B0A-9DC4-1B2B8D6E2D2A}.Release|Any CPU.ActiveCfg = Release|Any CPU
		{4A7F76CD-87D9-4B0A-9DC4-1B2B8D6E2D2A}.Release|Any CPU.Build.0 = Release|Any CPU
	EndGlobalSection
EndGlobal
